
Microsoft Visual Studio Solution File, Format Version 12.00
# Visual Studio 14
VisualStudioVersion = 14.0.25420.1
MinimumVisualStudioVersion = 10.0.40219.1
Project("{2150E333-8FDC-42A3-9474-1A3956D46DE8}") = "src", "src", "{59AEE5AE-0FC8-4F60-B2E0-1F92C5B417F6}"
EndProject
Project("{2150E333-8FDC-42A3-9474-1A3956D46DE8}") = "Solution Items", "Solution Items", "{82C5D734-1F8E-4F55-824F-C27D0BCDFB61}"
	ProjectSection(SolutionItems) = preProject
		global.json = global.json
	EndProjectSection
EndProject
Project("{8BB2217D-0F2D-49D1-97BC-3654ED321F3B}") = "Iquality.Shared.OutboxMailer.Core", "src\Iquality.Shared.OutboxMailer.Core\Iquality.Shared.OutboxMailer.Core.xproj", "{B4357F16-1829-42DC-AB56-5623E7F46DCB}"
EndProject
Global
	GlobalSection(SolutionConfigurationPlatforms) = preSolution
		Debug|Any CPU = Debug|Any CPU
		Release|Any CPU = Release|Any CPU
	EndGlobalSection
	GlobalSection(ProjectConfigurationPlatforms) = postSolution
		{B4357F16-1829-42DC-AB56-5623E7F46DCB}.Debug|Any CPU.ActiveCfg = Debug|Any CPU
		{B4357F16-1829-42DC-AB56-5623E7F46DCB}.Debug|Any CPU.Build.0 = Debug|Any CPU
		{B4357F16-1829-42DC-AB56-5623E7F46DCB}.Release|Any CPU.ActiveCfg = Release|Any CPU
		{B4357F16-1829-42DC-AB56-5623E7F46DCB}.Release|Any CPU.Build.0 = Release|Any CPU
	EndGlobalSection
	GlobalSection(SolutionProperties) = preSolution
		HideSolutionNode = FALSE
	EndGlobalSection
	GlobalSection(NestedProjects) = preSolution
		{B4357F16-1829-42DC-AB56-5623E7F46DCB} = {59AEE5AE-0FC8-4F60-B2E0-1F92C5B417F6}
	EndGlobalSection
EndGlobal
